
Microsoft Visual Studio Solution File, Format Version 12.00
# Visual Studio Version 17
VisualStudioVersion = 17.0.31903.59
MinimumVisualStudioVersion = 10.0.40219.1
Project("{2150E333-8FDC-42A3-9474-1A3956D46DE8}") = "src", "src", "{827E0CD3-B72D-47B6-A68D-7590B98EB39B}"
EndProject
Project("{FAE04EC0-301F-11D3-BF4B-00C04F79EFBC}") = "Valley.Net.Protocols.MeterBus.Abstractions", "src\Valley.Net.Protocols.MeterBus.Abstractions\Valley.Net.Protocols.MeterBus.Abstractions.csproj", "{D595211D-92B7-4F3D-A2A8-61D06173987E}"
EndProject
Project("{FAE04EC0-301F-11D3-BF4B-00C04F79EFBC}") = "Valley.Net.Protocols.MeterBus", "src\Valley.Net.Protocols.MeterBus\Valley.Net.Protocols.MeterBus.csproj", "{0B5A317A-2D07-41B8-8DB5-77014BEA19BC}"
EndProject
Project("{FAE04EC0-301F-11D3-BF4B-00C04F79EFBC}") = "Valley.Net.Protocols.MeterBus.Transport.Tcp", "src\Valley.Net.Protocols.MeterBus.Transport.Tcp\Valley.Net.Protocols.MeterBus.Transport.Tcp.csproj", "{35CAAACE-27FF-4A3C-BAD4-048CE382E828}"
EndProject
Project("{FAE04EC0-301F-11D3-BF4B-00C04F79EFBC}") = "Valley.Net.Protocols.MeterBus.Transport.Udp", "src\Valley.Net.Protocols.MeterBus.Transport.Udp\Valley.Net.Protocols.MeterBus.Transport.Udp.csproj", "{A22CDCB0-424E-41C2-A8EE-997F6B591867}"
EndProject
Project("{FAE04EC0-301F-11D3-BF4B-00C04F79EFBC}") = "Valley.Net.Protocols.MeterBus.Transport.Serial", "src\Valley.Net.Protocols.MeterBus.Transport.Serial\Valley.Net.Protocols.MeterBus.Transport.Serial.csproj", "{C3665059-6519-4857-93EF-45CFDA76A5CE}"
EndProject
Project("{2150E333-8FDC-42A3-9474-1A3956D46DE8}") = "tests", "tests", "{0AB3BF05-4346-4AA6-1389-037BE0695223}"
EndProject
Project("{FAE04EC0-301F-11D3-BF4B-00C04F79EFBC}") = "Valley.Net.Protocols.MeterBus.Tests", "tests\Valley.Net.Protocols.MeterBus.Tests\Valley.Net.Protocols.MeterBus.Tests.csproj", "{F944107B-EE4D-4957-B223-2BD6E25EC8E5}"
EndProject
Project("{FAE04EC0-301F-11D3-BF4B-00C04F79EFBC}") = "Valley.Net.Protocols.MeterBus.Tests.Integration", "tests\Valley.Net.Protocols.MeterBus.Tests.Integration\Valley.Net.Protocols.MeterBus.Tests.Integration.csproj", "{49C11CD9-BF0D-4863-B4CC-B0A310AF5036}"
EndProject
Global
	GlobalSection(SolutionConfigurationPlatforms) = preSolution
		Debug|Any CPU = Debug|Any CPU
		Debug|x64 = Debug|x64
		Debug|x86 = Debug|x86
		Release|Any CPU = Release|Any CPU
		Release|x64 = Release|x64
		Release|x86 = Release|x86
	EndGlobalSection
	GlobalSection(ProjectConfigurationPlatforms) = postSolution
		{D595211D-92B7-4F3D-A2A8-61D06173987E}.Debug|Any CPU.ActiveCfg = Debug|Any CPU
		{D595211D-92B7-4F3D-A2A8-61D06173987E}.Debug|Any CPU.Build.0 = Debug|Any CPU
		{D595211D-92B7-4F3D-A2A8-61D06173987E}.Debug|x64.ActiveCfg = Debug|Any CPU
		{D595211D-92B7-4F3D-A2A8-61D06173987E}.Debug|x64.Build.0 = Debug|Any CPU
		{D595211D-92B7-4F3D-A2A8-61D06173987E}.Debug|x86.ActiveCfg = Debug|Any CPU
		{D595211D-92B7-4F3D-A2A8-61D06173987E}.Debug|x86.Build.0 = Debug|Any CPU
		{D595211D-92B7-4F3D-A2A8-61D06173987E}.Release|Any CPU.ActiveCfg = Release|Any CPU
		{D595211D-92B7-4F3D-A2A8-61D06173987E}.Release|Any CPU.Build.0 = Release|Any CPU
		{D595211D-92B7-4F3D-A2A8-61D06173987E}.Release|x64.ActiveCfg = Release|Any CPU
		{D595211D-92B7-4F3D-A2A8-61D06173987E}.Release|x64.Build.0 = Release|Any CPU
		{D595211D-92B7-4F3D-A2A8-61D06173987E}.Release|x86.ActiveCfg = Release|Any CPU
		{D595211D-92B7-4F3D-A2A8-61D06173987E}.Release|x86.Build.0 = Release|Any CPU
		{0B5A317A-2D07-41B8-8DB5-77014BEA19BC}.Debug|Any CPU.ActiveCfg = Debug|Any CPU
		{0B5A317A-2D07-41B8-8DB5-77014BEA19BC}.Debug|Any CPU.Build.0 = Debug|Any CPU
		{0B5A317A-2D07-41B8-8DB5-77014BEA19BC}.Debug|x64.ActiveCfg = Debug|Any CPU
		{0B5A317A-2D07-41B8-8DB5-77014BEA19BC}.Debug|x64.Build.0 = Debug|Any CPU
		{0B5A317A-2D07-41B8-8DB5-77014BEA19BC}.Debug|x86.ActiveCfg = Debug|Any CPU
		{0B5A317A-2D07-41B8-8DB5-77014BEA19BC}.Debug|x86.Build.0 = Debug|Any CPU
		{0B5A317A-2D07-41B8-8DB5-77014BEA19BC}.Release|Any CPU.ActiveCfg = Release|Any CPU
		{0B5A317A-2D07-41B8-8DB5-77014BEA19BC}.Release|Any CPU.Build.0 = Release|Any CPU
		{0B5A317A-2D07-41B8-8DB5-77014BEA19BC}.Release|x64.ActiveCfg = Release|Any CPU
		{0B5A317A-2D07-41B8-8DB5-77014BEA19BC}.Release|x64.Build.0 = Release|Any CPU
		{0B5A317A-2D07-41B8-8DB5-77014BEA19BC}.Release|x86.ActiveCfg = Release|Any CPU
		{0B5A317A-2D07-41B8-8DB5-77014BEA19BC}.Release|x86.Build.0 = Release|Any CPU
		{35CAAACE-27FF-4A3C-BAD4-048CE382E828}.Debug|Any CPU.ActiveCfg = Debug|Any CPU
		{35CAAACE-27FF-4A3C-BAD4-048CE382E828}.Debug|Any CPU.Build.0 = Debug|Any CPU
		{35CAAACE-27FF-4A3C-BAD4-048CE382E828}.Debug|x64.ActiveCfg = Debug|Any CPU
		{35CAAACE-27FF-4A3C-BAD4-048CE382E828}.Debug|x64.Build.0 = Debug|Any CPU
		{35CAAACE-27FF-4A3C-BAD4-048CE382E828}.Debug|x86.ActiveCfg = Debug|Any CPU
		{35CAAACE-27FF-4A3C-BAD4-048CE382E828}.Debug|x86.Build.0 = Debug|Any CPU
		{35CAAACE-27FF-4A3C-BAD4-048CE382E828}.Release|Any CPU.ActiveCfg = Release|Any CPU
		{35CAAACE-27FF-4A3C-BAD4-048CE382E828}.Release|Any CPU.Build.0 = Release|Any CPU
		{35CAAACE-27FF-4A3C-BAD4-048CE382E828}.Release|x64.ActiveCfg = Release|Any CPU
		{35CAAACE-27FF-4A3C-BAD4-048CE382E828}.Release|x64.Build.0 = Release|Any CPU
		{35CAAACE-27FF-4A3C-BAD4-048CE382E828}.Release|x86.ActiveCfg = Release|Any CPU
		{35CAAACE-27FF-4A3C-BAD4-048CE382E828}.Release|x86.Build.0 = Release|Any CPU
		{A22CDCB0-424E-41C2-A8EE-997F6B591867}.Debug|Any CPU.ActiveCfg = Debug|Any CPU
		{A22CDCB0-424E-41C2-A8EE-997F6B591867}.Debug|Any CPU.Build.0 = Debug|Any CPU
		{A22CDCB0-424E-41C2-A8EE-997F6B591867}.Debug|x64.ActiveCfg = Debug|Any CPU
		{A22CDCB0-424E-41C2-A8EE-997F6B591867}.Debug|x64.Build.0 = Debug|Any CPU
		{A22CDCB0-424E-41C2-A8EE-997F6B591867}.Debug|x86.ActiveCfg = Debug|Any CPU
		{A22CDCB0-424E-41C2-A8EE-997F6B591867}.Debug|x86.Build.0 = Debug|Any CPU
		{A22CDCB0-424E-41C2-A8EE-997F6B591867}.Release|Any CPU.ActiveCfg = Release|Any CPU
		{A22CDCB0-424E-41C2-A8EE-997F6B591867}.Release|Any CPU.Build.0 = Release|Any CPU
		{A22CDCB0-424E-41C2-A8EE-997F6B591867}.Release|x64.ActiveCfg = Release|Any CPU
		{A22CDCB0-424E-41C2-A8EE-997F6B591867}.Release|x64.Build.0 = Release|Any CPU
		{A22CDCB0-424E-41C2-A8EE-997F6B591867}.Release|x86.ActiveCfg = Release|Any CPU
		{A22CDCB0-424E-41C2-A8EE-997F6B591867}.Release|x86.Build.0 = Release|Any CPU
		{C3665059-6519-4857-93EF-45CFDA76A5CE}.Debug|Any CPU.ActiveCfg = Debug|Any CPU
		{C3665059-6519-4857-93EF-45CFDA76A5CE}.Debug|Any CPU.Build.0 = Debug|Any CPU
		{C3665059-6519-4857-93EF-45CFDA76A5CE}.Debug|x64.ActiveCfg = Debug|Any CPU
		{C3665059-6519-4857-93EF-45CFDA76A5CE}.Debug|x64.Build.0 = Debug|Any CPU
		{C3665059-6519-4857-93EF-45CFDA76A5CE}.Debug|x86.ActiveCfg = Debug|Any CPU
		{C3665059-6519-4857-93EF-45CFDA76A5CE}.Debug|x86.Build.0 = Debug|Any CPU
		{C3665059-6519-4857-93EF-45CFDA76A5CE}.Release|Any CPU.ActiveCfg = Release|Any CPU
		{C3665059-6519-4857-93EF-45CFDA76A5CE}.Release|Any CPU.Build.0 = Release|Any CPU
		{C3665059-6519-4857-93EF-45CFDA76A5CE}.Release|x64.ActiveCfg = Release|Any CPU
		{C3665059-6519-4857-93EF-45CFDA76A5CE}.Release|x64.Build.0 = Release|Any CPU
		{C3665059-6519-4857-93EF-45CFDA76A5CE}.Release|x86.ActiveCfg = Release|Any CPU
		{C3665059-6519-4857-93EF-45CFDA76A5CE}.Release|x86.Build.0 = Release|Any CPU
		{F944107B-EE4D-4957-B223-2BD6E25EC8E5}.Debug|Any CPU.ActiveCfg = Debug|Any CPU
		{F944107B-EE4D-4957-B223-2BD6E25EC8E5}.Debug|Any CPU.Build.0 = Debug|Any CPU
		{F944107B-EE4D-4957-B223-2BD6E25EC8E5}.Debug|x64.ActiveCfg = Debug|Any CPU
		{F944107B-EE4D-4957-B223-2BD6E25EC8E5}.Debug|x64.Build.0 = Debug|Any CPU
		{F944107B-EE4D-4957-B223-2BD6E25EC8E5}.Debug|x86.ActiveCfg = Debug|Any CPU
		{F944107B-EE4D-4957-B223-2BD6E25EC8E5}.Debug|x86.Build.0 = Debug|Any CPU
		{F944107B-EE4D-4957-B223-2BD6E25EC8E5}.Release|Any CPU.ActiveCfg = Release|Any CPU
		{F944107B-EE4D-4957-B223-2BD6E25EC8E5}.Release|Any CPU.Build.0 = Release|Any CPU
		{F944107B-EE4D-4957-B223-2BD6E25EC8E5}.Release|x64.ActiveCfg = Release|Any CPU
		{F944107B-EE4D-4957-B223-2BD6E25EC8E5}.Release|x64.Build.0 = Release|Any CPU
		{F944107B-EE4D-4957-B223-2BD6E25EC8E5}.Release|x86.ActiveCfg = Release|Any CPU
		{F944107B-EE4D-4957-B223-2BD6E25EC8E5}.Release|x86.Build.0 = Release|Any CPU
		{49C11CD9-BF0D-4863-B4CC-B0A310AF5036}.Debug|Any CPU.ActiveCfg = Debug|Any CPU
		{49C11CD9-BF0D-4863-B4CC-B0A310AF5036}.Debug|Any CPU.Build.0 = Debug|Any CPU
		{49C11CD9-BF0D-4863-B4CC-B0A310AF5036}.Debug|x64.ActiveCfg = Debug|Any CPU
		{49C11CD9-BF0D-4863-B4CC-B0A310AF5036}.Debug|x64.Build.0 = Debug|Any CPU
		{49C11CD9-BF0D-4863-B4CC-B0A310AF5036}.Debug|x86.ActiveCfg = Debug|Any CPU
		{49C11CD9-BF0D-4863-B4CC-B0A310AF5036}.Debug|x86.Build.0 = Debug|Any CPU
		{49C11CD9-BF0D-4863-B4CC-B0A310AF5036}.Release|Any CPU.ActiveCfg = Release|Any CPU
		{49C11CD9-BF0D-4863-B4CC-B0A310AF5036}.Release|Any CPU.Build.0 = Release|Any CPU
		{49C11CD9-BF0D-4863-B4CC-B0A310AF5036}.Release|x64.ActiveCfg = Release|Any CPU
		{49C11CD9-BF0D-4863-B4CC-B0A310AF5036}.Release|x64.Build.0 = Release|Any CPU
		{49C11CD9-BF0D-4863-B4CC-B0A310AF5036}.Release|x86.ActiveCfg = Release|Any CPU
		{49C11CD9-BF0D-4863-B4CC-B0A310AF5036}.Release|x86.Build.0 = Release|Any CPU
	EndGlobalSection
	GlobalSection(SolutionProperties) = preSolution
		HideSolutionNode = FALSE
	EndGlobalSection
	GlobalSection(NestedProjects) = preSolution
		{D595211D-92B7-4F3D-A2A8-61D06173987E} = {827E0CD3-B72D-47B6-A68D-7590B98EB39B}
		{0B5A317A-2D07-41B8-8DB5-77014BEA19BC} = {827E0CD3-B72D-47B6-A68D-7590B98EB39B}
		{35CAAACE-27FF-4A3C-BAD4-048CE382E828} = {827E0CD3-B72D-47B6-A68D-7590B98EB39B}
		{A22CDCB0-424E-41C2-A8EE-997F6B591867} = {827E0CD3-B72D-47B6-A68D-7590B98EB39B}
		{C3665059-6519-4857-93EF-45CFDA76A5CE} = {827E0CD3-B72D-47B6-A68D-7590B98EB39B}
		{F944107B-EE4D-4957-B223-2BD6E25EC8E5} = {0AB3BF05-4346-4AA6-1389-037BE0695223}
		{49C11CD9-BF0D-4863-B4CC-B0A310AF5036} = {0AB3BF05-4346-4AA6-1389-037BE0695223}
	EndGlobalSection
EndGlobal
