
Microsoft Visual Studio Solution File, Format Version 12.00
# Visual Studio Version 17
VisualStudioVersion = 17.12.0.0
MinimumVisualStudioVersion = 10.0.40219.1
Project("{2150E333-8FDC-42A3-9474-1A3956D46DE8}") = "DataExamples", "DataExamples", "{C960B35E-8CDD-4B0F-A232-B91C8411007C}"
EndProject
Project("{2150E333-8FDC-42A3-9474-1A3956D46DE8}") = "Docs", "Docs", "{0590D187-9A46-4955-8380-22C4D71FC3EC}"
	ProjectSection(SolutionItems) = preProject
		DataExamples\Docs\MBDOC48.PDF = DataExamples\Docs\MBDOC48.PDF
		DataExamples\Docs\w4b21021.pdf = DataExamples\Docs\w4b21021.pdf
	EndProjectSection
EndProject
Project("{2150E333-8FDC-42A3-9474-1A3956D46DE8}") = "test-frames", "test-frames", "{F66BC8A3-8862-478E-A79A-27EF97F7F051}"
	ProjectSection(SolutionItems) = preProject
		DataExamples\test-frames\abb_delta.hex = DataExamples\test-frames\abb_delta.hex
		DataExamples\test-frames\abb_delta.xml = DataExamples\test-frames\abb_delta.xml
		DataExamples\test-frames\abb_f95.hex = DataExamples\test-frames\abb_f95.hex
		DataExamples\test-frames\abb_f95.xml = DataExamples\test-frames\abb_f95.xml
		DataExamples\test-frames\ACW_Itron-BM-plus-m.hex = DataExamples\test-frames\ACW_Itron-BM-plus-m.hex
		DataExamples\test-frames\ACW_Itron-BM-plus-m.xml = DataExamples\test-frames\ACW_Itron-BM-plus-m.xml
		DataExamples\test-frames\ACW_Itron-CYBLE-M-Bus-14.hex = DataExamples\test-frames\ACW_Itron-CYBLE-M-Bus-14.hex
		DataExamples\test-frames\ACW_Itron-CYBLE-M-Bus-14.xml = DataExamples\test-frames\ACW_Itron-CYBLE-M-Bus-14.xml
		DataExamples\test-frames\allmess_cf50.hex = DataExamples\test-frames\allmess_cf50.hex
		DataExamples\test-frames\allmess_cf50.xml = DataExamples\test-frames\allmess_cf50.xml
		DataExamples\test-frames\berg_dz_plus.hex = DataExamples\test-frames\berg_dz_plus.hex
		DataExamples\test-frames\berg_dz_plus.xml = DataExamples\test-frames\berg_dz_plus.xml
		DataExamples\test-frames\EDC.hex = DataExamples\test-frames\EDC.hex
		DataExamples\test-frames\EDC.xml = DataExamples\test-frames\EDC.xml
		DataExamples\test-frames\EFE_Engelmann-Elster-SensoStar-2.hex = DataExamples\test-frames\EFE_Engelmann-Elster-SensoStar-2.hex
		DataExamples\test-frames\EFE_Engelmann-Elster-SensoStar-2.xml = DataExamples\test-frames\EFE_Engelmann-Elster-SensoStar-2.xml
		DataExamples\test-frames\EFE_Engelmann-WaterStar.hex = DataExamples\test-frames\EFE_Engelmann-WaterStar.hex
		DataExamples\test-frames\EFE_Engelmann-WaterStar.xml = DataExamples\test-frames\EFE_Engelmann-WaterStar.xml
		DataExamples\test-frames\electricity-meter-1.hex = DataExamples\test-frames\electricity-meter-1.hex
		DataExamples\test-frames\electricity-meter-1.xml = DataExamples\test-frames\electricity-meter-1.xml
		DataExamples\test-frames\electricity-meter-2.hex = DataExamples\test-frames\electricity-meter-2.hex
		DataExamples\test-frames\electricity-meter-2.xml = DataExamples\test-frames\electricity-meter-2.xml
		DataExamples\test-frames\ELS_Elster-F96-Plus.hex = DataExamples\test-frames\ELS_Elster-F96-Plus.hex
		DataExamples\test-frames\ELS_Elster-F96-Plus.xml = DataExamples\test-frames\ELS_Elster-F96-Plus.xml
		DataExamples\test-frames\els_falcon.hex = DataExamples\test-frames\els_falcon.hex
		DataExamples\test-frames\els_falcon.xml = DataExamples\test-frames\els_falcon.xml
		DataExamples\test-frames\els_tmpa_telegramm1.hex = DataExamples\test-frames\els_tmpa_telegramm1.hex
		DataExamples\test-frames\els_tmpa_telegramm1.xml = DataExamples\test-frames\els_tmpa_telegramm1.xml
		DataExamples\test-frames\Elster-F2.hex = DataExamples\test-frames\Elster-F2.hex
		DataExamples\test-frames\Elster-F2.xml = DataExamples\test-frames\Elster-F2.xml
		DataExamples\test-frames\ELV-Elvaco-CMa10.hex = DataExamples\test-frames\ELV-Elvaco-CMa10.hex
		DataExamples\test-frames\ELV-Elvaco-CMa10.xml = DataExamples\test-frames\ELV-Elvaco-CMa10.xml
		DataExamples\test-frames\elv_temp_humid.hex = DataExamples\test-frames\elv_temp_humid.hex
		DataExamples\test-frames\elv_temp_humid.xml = DataExamples\test-frames\elv_temp_humid.xml
		DataExamples\test-frames\emh_diz.hex = DataExamples\test-frames\emh_diz.hex
		DataExamples\test-frames\emh_diz.xml = DataExamples\test-frames\emh_diz.xml
		DataExamples\test-frames\EMU_EMU-Professional-375-M-Bus.hex = DataExamples\test-frames\EMU_EMU-Professional-375-M-Bus.hex
		DataExamples\test-frames\EMU_EMU-Professional-375-M-Bus.xml = DataExamples\test-frames\EMU_EMU-Professional-375-M-Bus.xml
		DataExamples\test-frames\engelmann_sensostar2c.hex = DataExamples\test-frames\engelmann_sensostar2c.hex
		DataExamples\test-frames\engelmann_sensostar2c.xml = DataExamples\test-frames\engelmann_sensostar2c.xml
		DataExamples\test-frames\example_data_01.hex = DataExamples\test-frames\example_data_01.hex
		DataExamples\test-frames\example_data_01.xml = DataExamples\test-frames\example_data_01.xml
		DataExamples\test-frames\example_data_02.hex = DataExamples\test-frames\example_data_02.hex
		DataExamples\test-frames\example_data_02.xml = DataExamples\test-frames\example_data_02.xml
		DataExamples\test-frames\filler.hex = DataExamples\test-frames\filler.hex
		DataExamples\test-frames\filler.xml = DataExamples\test-frames\filler.xml
		DataExamples\test-frames\FIN-Finder-7E.23.8.230.0020.hex = DataExamples\test-frames\FIN-Finder-7E.23.8.230.0020.hex
		DataExamples\test-frames\FIN-Finder-7E.23.8.230.0020.xml = DataExamples\test-frames\FIN-Finder-7E.23.8.230.0020.xml
		DataExamples\test-frames\frame1.hex = DataExamples\test-frames\frame1.hex
		DataExamples\test-frames\frame1.xml = DataExamples\test-frames\frame1.xml
		DataExamples\test-frames\frame2.hex = DataExamples\test-frames\frame2.hex
		DataExamples\test-frames\frame2.xml = DataExamples\test-frames\frame2.xml
		DataExamples\test-frames\gmc_emmod206.hex = DataExamples\test-frames\gmc_emmod206.hex
		DataExamples\test-frames\gmc_emmod206.xml = DataExamples\test-frames\gmc_emmod206.xml
		DataExamples\test-frames\GWF-MTKcoder.hex = DataExamples\test-frames\GWF-MTKcoder.hex
		DataExamples\test-frames\GWF-MTKcoder.xml = DataExamples\test-frames\GWF-MTKcoder.xml
		DataExamples\test-frames\invalid_length.hex = DataExamples\test-frames\invalid_length.hex
		DataExamples\test-frames\invalid_length2.hex = DataExamples\test-frames\invalid_length2.hex
		DataExamples\test-frames\itron_bm_+m.hex = DataExamples\test-frames\itron_bm_+m.hex
		DataExamples\test-frames\itron_bm_+m.xml = DataExamples\test-frames\itron_bm_+m.xml
		DataExamples\test-frames\itron_cf_51.hex = DataExamples\test-frames\itron_cf_51.hex
		DataExamples\test-frames\itron_cf_51.xml = DataExamples\test-frames\itron_cf_51.xml
		DataExamples\test-frames\itron_cf_55.hex = DataExamples\test-frames\itron_cf_55.hex
		DataExamples\test-frames\itron_cf_55.xml = DataExamples\test-frames\itron_cf_55.xml
		DataExamples\test-frames\itron_cf_echo_2.hex = DataExamples\test-frames\itron_cf_echo_2.hex
		DataExamples\test-frames\itron_cf_echo_2.xml = DataExamples\test-frames\itron_cf_echo_2.xml
		DataExamples\test-frames\itron_cyble_m-bus_v1.4_cold_water.hex = DataExamples\test-frames\itron_cyble_m-bus_v1.4_cold_water.hex
		DataExamples\test-frames\itron_cyble_m-bus_v1.4_cold_water.xml = DataExamples\test-frames\itron_cyble_m-bus_v1.4_cold_water.xml
		DataExamples\test-frames\itron_cyble_m-bus_v1.4_gas.hex = DataExamples\test-frames\itron_cyble_m-bus_v1.4_gas.hex
		DataExamples\test-frames\itron_cyble_m-bus_v1.4_gas.xml = DataExamples\test-frames\itron_cyble_m-bus_v1.4_gas.xml
		DataExamples\test-frames\itron_cyble_m-bus_v1.4_water.hex = DataExamples\test-frames\itron_cyble_m-bus_v1.4_water.hex
		DataExamples\test-frames\itron_cyble_m-bus_v1.4_water.xml = DataExamples\test-frames\itron_cyble_m-bus_v1.4_water.xml
		DataExamples\test-frames\itron_integral_mk_maxx.hex = DataExamples\test-frames\itron_integral_mk_maxx.hex
		DataExamples\test-frames\itron_integral_mk_maxx.xml = DataExamples\test-frames\itron_integral_mk_maxx.xml
		DataExamples\test-frames\kamstrup_382_005.hex = DataExamples\test-frames\kamstrup_382_005.hex
		DataExamples\test-frames\kamstrup_382_005.xml = DataExamples\test-frames\kamstrup_382_005.xml
		DataExamples\test-frames\kamstrup_multical_601.hex = DataExamples\test-frames\kamstrup_multical_601.hex
		DataExamples\test-frames\kamstrup_multical_601.xml = DataExamples\test-frames\kamstrup_multical_601.xml
		DataExamples\test-frames\landis+gyr_ultraheat_t230.hex = DataExamples\test-frames\landis+gyr_ultraheat_t230.hex
		DataExamples\test-frames\landis+gyr_ultraheat_t230.xml = DataExamples\test-frames\landis+gyr_ultraheat_t230.xml
		DataExamples\test-frames\LGB_G350.hex = DataExamples\test-frames\LGB_G350.hex
		DataExamples\test-frames\LGB_G350.xml = DataExamples\test-frames\LGB_G350.xml
		DataExamples\test-frames\manual_frame2.hex = DataExamples\test-frames\manual_frame2.hex
		DataExamples\test-frames\manual_frame2.xml = DataExamples\test-frames\manual_frame2.xml
		DataExamples\test-frames\manual_frame3.hex = DataExamples\test-frames\manual_frame3.hex
		DataExamples\test-frames\manual_frame3.xml = DataExamples\test-frames\manual_frame3.xml
		DataExamples\test-frames\manual_frame7.hex = DataExamples\test-frames\manual_frame7.hex
		DataExamples\test-frames\manual_frame7.xml = DataExamples\test-frames\manual_frame7.xml
		DataExamples\test-frames\metrona_pollutherm.hex = DataExamples\test-frames\metrona_pollutherm.hex
		DataExamples\test-frames\metrona_pollutherm.xml = DataExamples\test-frames\metrona_pollutherm.xml
		DataExamples\test-frames\metrona_ultraheat_xs.hex = DataExamples\test-frames\metrona_ultraheat_xs.hex
		DataExamples\test-frames\metrona_ultraheat_xs.xml = DataExamples\test-frames\metrona_ultraheat_xs.xml
		DataExamples\test-frames\minol_minocal_c2.hex = DataExamples\test-frames\minol_minocal_c2.hex
		DataExamples\test-frames\minol_minocal_c2.xml = DataExamples\test-frames\minol_minocal_c2.xml
		DataExamples\test-frames\minol_minocal_wr3.hex = DataExamples\test-frames\minol_minocal_wr3.hex
		DataExamples\test-frames\minol_minocal_wr3.xml = DataExamples\test-frames\minol_minocal_wr3.xml
		DataExamples\test-frames\nzr_dhz_5_63.hex = DataExamples\test-frames\nzr_dhz_5_63.hex
		DataExamples\test-frames\nzr_dhz_5_63.xml = DataExamples\test-frames\nzr_dhz_5_63.xml
		DataExamples\test-frames\oms_frame1.hex = DataExamples\test-frames\oms_frame1.hex
		DataExamples\test-frames\oms_frame1.xml = DataExamples\test-frames\oms_frame1.xml
		DataExamples\test-frames\oms_frame2.hex = DataExamples\test-frames\oms_frame2.hex
		DataExamples\test-frames\oms_frame2.xml = DataExamples\test-frames\oms_frame2.xml
		DataExamples\test-frames\oms_frame3.hex = DataExamples\test-frames\oms_frame3.hex
		DataExamples\test-frames\oms_frame3.xml = DataExamples\test-frames\oms_frame3.xml
		DataExamples\test-frames\ram_modularis.hex = DataExamples\test-frames\ram_modularis.hex
		DataExamples\test-frames\ram_modularis.xml = DataExamples\test-frames\ram_modularis.xml
		DataExamples\test-frames\REL-Relay-Padpuls2.hex = DataExamples\test-frames\REL-Relay-Padpuls2.hex
		DataExamples\test-frames\REL-Relay-Padpuls2.xml = DataExamples\test-frames\REL-Relay-Padpuls2.xml
		DataExamples\test-frames\rel_padpuls2.hex = DataExamples\test-frames\rel_padpuls2.hex
		DataExamples\test-frames\rel_padpuls2.xml = DataExamples\test-frames\rel_padpuls2.xml
		DataExamples\test-frames\rel_padpuls3.hex = DataExamples\test-frames\rel_padpuls3.hex
		DataExamples\test-frames\rel_padpuls3.xml = DataExamples\test-frames\rel_padpuls3.xml
		DataExamples\test-frames\SBC_Saia-Burgess-ALE3.hex = DataExamples\test-frames\SBC_Saia-Burgess-ALE3.hex
		DataExamples\test-frames\SBC_Saia-Burgess-ALE3.xml = DataExamples\test-frames\SBC_Saia-Burgess-ALE3.xml
		DataExamples\test-frames\sen_pollusonic_2.hex = DataExamples\test-frames\sen_pollusonic_2.hex
		DataExamples\test-frames\sen_pollusonic_2.xml = DataExamples\test-frames\sen_pollusonic_2.xml
		DataExamples\test-frames\SEN_Pollustat.hex = DataExamples\test-frames\SEN_Pollustat.hex
		DataExamples\test-frames\SEN_Pollustat.xml = DataExamples\test-frames\SEN_Pollustat.xml
		DataExamples\test-frames\sen_pollutherm.hex = DataExamples\test-frames\sen_pollutherm.hex
		DataExamples\test-frames\sen_pollutherm.xml = DataExamples\test-frames\sen_pollutherm.xml
		DataExamples\test-frames\SEN_Sensus-PolluStat-E.hex = DataExamples\test-frames\SEN_Sensus-PolluStat-E.hex
		DataExamples\test-frames\SEN_Sensus-PolluStat-E.xml = DataExamples\test-frames\SEN_Sensus-PolluStat-E.xml
		DataExamples\test-frames\SEN_Sensus-PolluTherm.hex = DataExamples\test-frames\SEN_Sensus-PolluTherm.hex
		DataExamples\test-frames\SEN_Sensus-PolluTherm.xml = DataExamples\test-frames\SEN_Sensus-PolluTherm.xml
		DataExamples\test-frames\siemens_water.hex = DataExamples\test-frames\siemens_water.hex
		DataExamples\test-frames\siemens_water.xml = DataExamples\test-frames\siemens_water.xml
		DataExamples\test-frames\siemens_wfh21.hex = DataExamples\test-frames\siemens_wfh21.hex
		DataExamples\test-frames\siemens_wfh21.xml = DataExamples\test-frames\siemens_wfh21.xml
		DataExamples\test-frames\SLB_CF-Compact-Integral-MK-MaXX.hex = DataExamples\test-frames\SLB_CF-Compact-Integral-MK-MaXX.hex
		DataExamples\test-frames\SLB_CF-Compact-Integral-MK-MaXX.xml = DataExamples\test-frames\SLB_CF-Compact-Integral-MK-MaXX.xml
		DataExamples\test-frames\sontex_supercal_531_telegram1.hex = DataExamples\test-frames\sontex_supercal_531_telegram1.hex
		DataExamples\test-frames\sontex_supercal_531_telegram1.xml = DataExamples\test-frames\sontex_supercal_531_telegram1.xml
		DataExamples\test-frames\svm_f22_telegram1.hex = DataExamples\test-frames\svm_f22_telegram1.hex
		DataExamples\test-frames\svm_f22_telegram1.xml = DataExamples\test-frames\svm_f22_telegram1.xml
		DataExamples\test-frames\tch_telegramm1.hex = DataExamples\test-frames\tch_telegramm1.hex
		DataExamples\test-frames\tch_telegramm1.xml = DataExamples\test-frames\tch_telegramm1.xml
		DataExamples\test-frames\test.hex = DataExamples\test-frames\test.hex
		DataExamples\test-frames\THI_cma10.hex = DataExamples\test-frames\THI_cma10.hex
		DataExamples\test-frames\THI_cma10.xml = DataExamples\test-frames\THI_cma10.xml
		DataExamples\test-frames\wmbus-converted.hex = DataExamples\test-frames\wmbus-converted.hex
		DataExamples\test-frames\wmbus-converted.xml = DataExamples\test-frames\wmbus-converted.xml
		DataExamples\test-frames\ZRM_Minol-Minocal-C2.hex = DataExamples\test-frames\ZRM_Minol-Minocal-C2.hex
		DataExamples\test-frames\ZRM_Minol-Minocal-C2.xml = DataExamples\test-frames\ZRM_Minol-Minocal-C2.xml
	EndProjectSection
EndProject
Project("{9A19103F-16F7-4668-BE54-9A1E7A4F7556}") = "Valley.Net.Protocols.MeterBus", "Valley.Net.Protocols.MeterBus\Valley.Net.Protocols.MeterBus.csproj", "{05B76BEA-F9AF-48BB-92C5-3B739F00E6B7}"
EndProject
Project("{FAE04EC0-301F-11D3-BF4B-00C04F79EFBC}") = "Valley.Net.Protocols.MeterBus.Test", "Valley.Net.Protocols.MeterBus.Test\Valley.Net.Protocols.MeterBus.Test.csproj", "{0E665A39-7AE5-471F-93C8-E16E8FAC8102}"
EndProject
Global
	GlobalSection(SolutionConfigurationPlatforms) = preSolution
		Debug|Any CPU = Debug|Any CPU
		Release|Any CPU = Release|Any CPU
	EndGlobalSection
	GlobalSection(ProjectConfigurationPlatforms) = postSolution
		{05B76BEA-F9AF-48BB-92C5-3B739F00E6B7}.Debug|Any CPU.ActiveCfg = Debug|Any CPU
		{05B76BEA-F9AF-48BB-92C5-3B739F00E6B7}.Debug|Any CPU.Build.0 = Debug|Any CPU
		{05B76BEA-F9AF-48BB-92C5-3B739F00E6B7}.Release|Any CPU.ActiveCfg = Release|Any CPU
		{05B76BEA-F9AF-48BB-92C5-3B739F00E6B7}.Release|Any CPU.Build.0 = Release|Any CPU
		{0E665A39-7AE5-471F-93C8-E16E8FAC8102}.Debug|Any CPU.ActiveCfg = Debug|Any CPU
		{0E665A39-7AE5-471F-93C8-E16E8FAC8102}.Debug|Any CPU.Build.0 = Debug|Any CPU
		{0E665A39-7AE5-471F-93C8-E16E8FAC8102}.Release|Any CPU.ActiveCfg = Release|Any CPU
		{0E665A39-7AE5-471F-93C8-E16E8FAC8102}.Release|Any CPU.Build.0 = Release|Any CPU
	EndGlobalSection
	GlobalSection(SolutionProperties) = preSolution
		HideSolutionNode = FALSE
	EndGlobalSection
	GlobalSection(NestedProjects) = preSolution
		{0590D187-9A46-4955-8380-22C4D71FC3EC} = {C960B35E-8CDD-4B0F-A232-B91C8411007C}
		{F66BC8A3-8862-478E-A79A-27EF97F7F051} = {C960B35E-8CDD-4B0F-A232-B91C8411007C}
	EndGlobalSection
	GlobalSection(ExtensibilityGlobals) = postSolution
		SolutionGuid = {FAC53D12-3A51-4985-BD31-BE5BD51229F6}
	EndGlobalSection
EndGlobal
